
Microsoft Visual Studio Solution File, Format Version 12.00
# Visual Studio Version 16
VisualStudioVersion = 16.0.28803.202
MinimumVisualStudioVersion = 10.0.40219.1
Project("{9A19103F-16F7-4668-BE54-9A1E7A4F7556}") = "F0.Common", "production\F0.Common\F0.Common.csproj", "{3DB4A99B-8898-4E5B-8546-ACCB75242D39}"
EndProject
Project("{9A19103F-16F7-4668-BE54-9A1E7A4F7556}") = "F0.Common.Tests", "test\F0.Common.Tests\F0.Common.Tests.csproj", "{DAB9B7EE-602B-437C-A8AA-6C3823E1B9E5}"
EndProject
Project("{9A19103F-16F7-4668-BE54-9A1E7A4F7556}") = "F0.Common.Example.Mathematics", "example\F0.Common.Example.Mathematics\F0.Common.Example.Mathematics.csproj", "{958154DF-7010-408D-A5CD-607745B23A45}"
EndProject
Project("{9A19103F-16F7-4668-BE54-9A1E7A4F7556}") = "F0.Common.Example.Primitives", "example\F0.Common.Example.Primitives\F0.Common.Example.Primitives.csproj", "{60F5CC78-F4EA-4E0D-8850-0FFE4B2C106D}"
EndProject
Global
	GlobalSection(SolutionConfigurationPlatforms) = preSolution
		Debug|Any CPU = Debug|Any CPU
		Release|Any CPU = Release|Any CPU
	EndGlobalSection
	GlobalSection(ProjectConfigurationPlatforms) = postSolution
		{3DB4A99B-8898-4E5B-8546-ACCB75242D39}.Debug|Any CPU.ActiveCfg = Debug|Any CPU
		{3DB4A99B-8898-4E5B-8546-ACCB75242D39}.Debug|Any CPU.Build.0 = Debug|Any CPU
		{3DB4A99B-8898-4E5B-8546-ACCB75242D39}.Release|Any CPU.ActiveCfg = Release|Any CPU
		{3DB4A99B-8898-4E5B-8546-ACCB75242D39}.Release|Any CPU.Build.0 = Release|Any CPU
		{DAB9B7EE-602B-437C-A8AA-6C3823E1B9E5}.Debug|Any CPU.ActiveCfg = Debug|Any CPU
		{DAB9B7EE-602B-437C-A8AA-6C3823E1B9E5}.Debug|Any CPU.Build.0 = Debug|Any CPU
		{DAB9B7EE-602B-437C-A8AA-6C3823E1B9E5}.Release|Any CPU.ActiveCfg = Release|Any CPU
		{DAB9B7EE-602B-437C-A8AA-6C3823E1B9E5}.Release|Any CPU.Build.0 = Release|Any CPU
		{958154DF-7010-408D-A5CD-607745B23A45}.Debug|Any CPU.ActiveCfg = Debug|Any CPU
		{958154DF-7010-408D-A5CD-607745B23A45}.Debug|Any CPU.Build.0 = Debug|Any CPU
		{958154DF-7010-408D-A5CD-607745B23A45}.Release|Any CPU.ActiveCfg = Release|Any CPU
		{958154DF-7010-408D-A5CD-607745B23A45}.Release|Any CPU.Build.0 = Release|Any CPU
		{60F5CC78-F4EA-4E0D-8850-0FFE4B2C106D}.Debug|Any CPU.ActiveCfg = Debug|Any CPU
		{60F5CC78-F4EA-4E0D-8850-0FFE4B2C106D}.Debug|Any CPU.Build.0 = Debug|Any CPU
		{60F5CC78-F4EA-4E0D-8850-0FFE4B2C106D}.Release|Any CPU.ActiveCfg = Release|Any CPU
		{60F5CC78-F4EA-4E0D-8850-0FFE4B2C106D}.Release|Any CPU.Build.0 = Release|Any CPU
	EndGlobalSection
	GlobalSection(SolutionProperties) = preSolution
		HideSolutionNode = FALSE
	EndGlobalSection
	GlobalSection(ExtensibilityGlobals) = postSolution
		SolutionGuid = {361490D7-9546-4DC1-9A22-4535F19706B7}
	EndGlobalSection
EndGlobal
